
Microsoft Visual Studio Solution File, Format Version 12.00
# Visual Studio Version 17
VisualStudioVersion = 17.10.34916.146
MinimumVisualStudioVersion = 10.0.40219.1
Project("{FAE04EC0-301F-11D3-BF4B-00C04F79EFBC}") = "MyFirstConsoleApp", "MyFirstConsoleApp\MyFirstConsoleApp.csproj", "{0AD6A712-249B-4E64-9C7A-4233585E00D0}"
EndProject
Global
	GlobalSection(SolutionConfigurationPlatforms) = preSolution
		Debug|Any CPU = Debug|Any CPU
		Release|Any CPU = Release|Any CPU
	EndGlobalSection
	GlobalSection(ProjectConfigurationPlatforms) = postSolution
		{0AD6A712-249B-4E64-9C7A-4233585E00D0}.Debug|Any CPU.ActiveCfg = Debug|Any CPU
		{0AD6A712-249B-4E64-9C7A-4233585E00D0}.Debug|Any CPU.Build.0 = Debug|Any CPU
		{0AD6A712-249B-4E64-9C7A-4233585E00D0}.Release|Any CPU.ActiveCfg = Release|Any CPU
		{0AD6A712-249B-4E64-9C7A-4233585E00D0}.Release|Any CPU.Build.0 = Release|Any CPU
	EndGlobalSection
	GlobalSection(SolutionProperties) = preSolution
		HideSolutionNode = FALSE
	EndGlobalSection
	GlobalSection(ExtensibilityGlobals) = postSolution
		SolutionGuid = {697129A0-22FA-49BD-873A-549AD57C0841}
	EndGlobalSection
EndGlobal
